<?xml version="1.0" encoding="UTF-8" standalone="yes" ?>
<CodeBlocks_project_file>
	<FileVersion major="1" minor="6" />
	<Project>
		<Option title="get-video" />
		<Option pch_mode="2" />
		<Option compiler="gcc" />
		<Build>
			<Target title="Debug">
				<Option output="bin/Debug/get-video" prefix_auto="1" extension_auto="1" />
				<Option object_output="obj/Debug/" />
				<Option type="1" />
				<Option compiler="gcc" />
				<Option parameters="-d 10" />
				<Compiler>
					<Add option="-g" />
				</Compiler>
			</Target>
			<Target title="Release">
				<Option output="bin/Release/get-video" prefix_auto="1" extension_auto="1" />
				<Option object_output="obj/Release/" />
				<Option type="1" />
				<Option compiler="gcc" />
				<Compiler>
					<Add option="-O2" />
				</Compiler>
				<Linker>
					<Add option="-s" />
				</Linker>
			</Target>
		</Build>
		<Compiler>
			<Add option="-Wall" />
			<Add option="`pkg-config glib-2.0 loudmouth-1.0 --cflags`" />
			<Add option="-DHAVE_SYS_RESOURCE_H" />
			<Add option="-DUSE_LOUDMOUTH" />
			<Add option="-DGLOG_OFF" />
			<Add option="-D_REENTRANT" />
			<Add option="-DUSE_POSTGRESQL" />
			<Add option="-DUSE_AVFILTER" />
			<Add option="-DUSE_LIBAV1" />
			<Add directory="/usr/include/postgresql" />
		</Compiler>
		<Linker>
			<Add option="`pkg-config loudmouth-1.0 glib-2.0 libavcodec libavdevice libavfilter libavformat libavutil  libswscale --libs`" />
			<Add library="smbclient" />
			<Add library="dolib" />
			<Add library="pq" />
		</Linker>
		<Unit filename="../../misc/mproc_state.c">
			<Option compilerVar="CC" />
		</Unit>
		<Unit filename="../../misc/mythread.c">
			<Option compilerVar="CC" />
		</Unit>
		<Unit filename="../../misc/send_error.c">
			<Option compilerVar="CC" />
		</Unit>
		<Unit filename="../../misc/storage.c">
			<Option compilerVar="CC" />
		</Unit>
		<Unit filename="../../src/get-video.ffmpeg/ffmpeg_filter.c">
			<Option compilerVar="CC" />
		</Unit>
		<Unit filename="../../src/get-video.ffmpeg/libav.c">
			<Option compilerVar="CC" />
		</Unit>
		<Unit filename="../../src/get-video.ffmpeg/main.c">
			<Option compilerVar="CC" />
		</Unit>
		<Unit filename="../../src/get-video.ffmpeg/option.c">
			<Option compilerVar="CC" />
		</Unit>
		<Extensions>
			<code_completion />
			<debugger />
			<DoxyBlocks>
				<comment_style block="0" line="0" />
				<doxyfile_project />
				<doxyfile_build />
				<doxyfile_warnings />
				<doxyfile_output />
				<doxyfile_dot />
				<general />
			</DoxyBlocks>
			<envvars />
		</Extensions>
	</Project>
</CodeBlocks_project_file>
