<?xml version="1.0" encoding="UTF-8" standalone="yes" ?>
<CodeBlocks_project_file>
	<FileVersion major="1" minor="6" />
	<Project>
		<Option title="handbook-text" />
		<Option pch_mode="2" />
		<Option compiler="gcc" />
		<Build>
			<Target title="Debug">
				<Option output="bin/Debug/handbook-text" prefix_auto="1" extension_auto="1" />
				<Option object_output="obj/Debug/" />
				<Option type="1" />
				<Option compiler="gcc" />
				<Compiler>
					<Add option="-g" />
				</Compiler>
			</Target>
			<Target title="Release">
				<Option output="bin/Release/handbook-text" prefix_auto="1" extension_auto="1" />
				<Option object_output="obj/Release/" />
				<Option type="1" />
				<Option compiler="gcc" />
				<Compiler>
					<Add option="-O2" />
				</Compiler>
				<Linker>
					<Add option="-s" />
				</Linker>
			</Target>
		</Build>
		<Compiler>
			<Add option="-Wall" />
			<Add option="`pkg-config glib-2.0 --cflags`" />
			<Add option="-DUSE_UTF8" />
			<Add option="-DNO_USE_ARTIX_INFO" />
			<Add option="-DNO_USE_ARTIX_SEND" />
			<Add option="-DBTI_LINUX" />
		</Compiler>
		<Linker>
			<Add option="`pkg-config glib-2.0 slang --libs`" />
			<Add library="dolib" />
			<Add library="domino" />
			<Add directory="/lib" />
			<Add directory="/usr/local/psql/lib" />
		</Linker>
		<Unit filename="../../misc/iconv_.c">
			<Option compilerVar="CC" />
		</Unit>
		<Unit filename="c_curses.c">
			<Option compilerVar="CC" />
		</Unit>
		<Unit filename="c_text_view.c">
			<Option compilerVar="CC" />
		</Unit>
		<Unit filename="c_util.c">
			<Option compilerVar="CC" />
		</Unit>
		<Unit filename="handbook.c">
			<Option compilerVar="CC" />
		</Unit>
		<Unit filename="main.c">
			<Option compilerVar="CC" />
		</Unit>
		<Unit filename="option.c">
			<Option compilerVar="CC" />
		</Unit>
		<Extensions>
			<code_completion />
			<debugger />
		</Extensions>
	</Project>
</CodeBlocks_project_file>
